
Microsoft Visual Studio Solution File, Format Version 12.00
# Visual Studio Version 17
VisualStudioVersion = 17.0.31912.275
MinimumVisualStudioVersion = 10.0.40219.1
Project("{9A19103F-16F7-4668-BE54-9A1E7A4F7556}") = "ConsoleAppForTesting", "ConsoleAppForTesting\ConsoleAppForTesting.csproj", "{A27B0094-5C75-4322-9ECD-E5A70C42F463}"
EndProject
Project("{FAE04EC0-301F-11D3-BF4B-00C04F79EFBC}") = "UnitTestMoney", "UnitTestMoney\UnitTestMoney.csproj", "{5CCD732F-558D-48BC-9EE8-DFB3B8928854}"
EndProject
Global
	GlobalSection(SolutionConfigurationPlatforms) = preSolution
		Debug|Any CPU = Debug|Any CPU
		Release|Any CPU = Release|Any CPU
	EndGlobalSection
	GlobalSection(ProjectConfigurationPlatforms) = postSolution
		{A27B0094-5C75-4322-9ECD-E5A70C42F463}.Debug|Any CPU.ActiveCfg = Debug|Any CPU
		{A27B0094-5C75-4322-9ECD-E5A70C42F463}.Debug|Any CPU.Build.0 = Debug|Any CPU
		{A27B0094-5C75-4322-9ECD-E5A70C42F463}.Release|Any CPU.ActiveCfg = Release|Any CPU
		{A27B0094-5C75-4322-9ECD-E5A70C42F463}.Release|Any CPU.Build.0 = Release|Any CPU
		{5CCD732F-558D-48BC-9EE8-DFB3B8928854}.Debug|Any CPU.ActiveCfg = Debug|Any CPU
		{5CCD732F-558D-48BC-9EE8-DFB3B8928854}.Debug|Any CPU.Build.0 = Debug|Any CPU
		{5CCD732F-558D-48BC-9EE8-DFB3B8928854}.Release|Any CPU.ActiveCfg = Release|Any CPU
		{5CCD732F-558D-48BC-9EE8-DFB3B8928854}.Release|Any CPU.Build.0 = Release|Any CPU
	EndGlobalSection
	GlobalSection(SolutionProperties) = preSolution
		HideSolutionNode = FALSE
	EndGlobalSection
	GlobalSection(ExtensibilityGlobals) = postSolution
		SolutionGuid = {59BC55CB-53A1-4B2A-88A2-7C06C5405FF5}
	EndGlobalSection
EndGlobal
